
Microsoft Visual Studio Solution File, Format Version 12.00
# Visual Studio Version 17
VisualStudioVersion = 17.2.32630.192
MinimumVisualStudioVersion = 10.0.40219.1
Project("{FAE04EC0-301F-11D3-BF4B-00C04F79EFBC}") = "kiwi", "kiwi\kiwi.csproj", "{1772020F-C927-4E42-BE0F-20F76CCDC2F1}"
EndProject
Global
	GlobalSection(SolutionConfigurationPlatforms) = preSolution
		Debug|Any CPU = Debug|Any CPU
		Release|Any CPU = Release|Any CPU
	EndGlobalSection
	GlobalSection(ProjectConfigurationPlatforms) = postSolution
		{1772020F-C927-4E42-BE0F-20F76CCDC2F1}.Debug|Any CPU.ActiveCfg = Debug|Any CPU
		{1772020F-C927-4E42-BE0F-20F76CCDC2F1}.Debug|Any CPU.Build.0 = Debug|Any CPU
		{1772020F-C927-4E42-BE0F-20F76CCDC2F1}.Release|Any CPU.ActiveCfg = Release|Any CPU
		{1772020F-C927-4E42-BE0F-20F76CCDC2F1}.Release|Any CPU.Build.0 = Release|Any CPU
	EndGlobalSection
	GlobalSection(SolutionProperties) = preSolution
		HideSolutionNode = FALSE
	EndGlobalSection
	GlobalSection(ExtensibilityGlobals) = postSolution
		SolutionGuid = {A3C1F040-F241-4DAA-A1F1-94788596AB38}
	EndGlobalSection
EndGlobal
